
Microsoft Visual Studio Solution File, Format Version 12.00
# Visual Studio Version 16
VisualStudioVersion = 16.0.29009.5
MinimumVisualStudioVersion = 10.0.40219.1
Project("{FAE04EC0-301F-11D3-BF4B-00C04F79EFBC}") = "FileWatch", "FileWatch.csproj", "{5DCA3A5D-6AA2-4D8E-B172-FDC29FA44AEB}"
EndProject
Global
	GlobalSection(SolutionConfigurationPlatforms) = preSolution
		Debug|Any CPU = Debug|Any CPU
		Release|Any CPU = Release|Any CPU
	EndGlobalSection
	GlobalSection(ProjectConfigurationPlatforms) = postSolution
		{5DCA3A5D-6AA2-4D8E-B172-FDC29FA44AEB}.Debug|Any CPU.ActiveCfg = Debug|Any CPU
		{5DCA3A5D-6AA2-4D8E-B172-FDC29FA44AEB}.Debug|Any CPU.Build.0 = Debug|Any CPU
		{5DCA3A5D-6AA2-4D8E-B172-FDC29FA44AEB}.Release|Any CPU.ActiveCfg = Release|Any CPU
		{5DCA3A5D-6AA2-4D8E-B172-FDC29FA44AEB}.Release|Any CPU.Build.0 = Release|Any CPU
	EndGlobalSection
	GlobalSection(SolutionProperties) = preSolution
		HideSolutionNode = FALSE
	EndGlobalSection
	GlobalSection(ExtensibilityGlobals) = postSolution
		SolutionGuid = {49691E48-B103-4148-BF89-F137D155076C}
	EndGlobalSection
EndGlobal
